
Microsoft Visual Studio Solution File, Format Version 12.00
# Visual Studio Version 17
VisualStudioVersion = 17.6.33815.320
MinimumVisualStudioVersion = 10.0.40219.1
Project("{9A19103F-16F7-4668-BE54-9A1E7A4F7556}") = "Scenius.CodeTest.API", "Scenius.CodeTest.API\Scenius.CodeTest.API.csproj", "{8025CD34-3F8B-47B7-A95C-FD0FF927C539}"
EndProject
Project("{9A19103F-16F7-4668-BE54-9A1E7A4F7556}") = "Scenius.CodeTest.Consumer", "Scenius.CodeTest.Consumer\Scenius.CodeTest.Consumer.csproj", "{7FDABEB7-5FD5-4C6B-9406-145FABFCC7E8}"
EndProject
Project("{FAE04EC0-301F-11D3-BF4B-00C04F79EFBC}") = "Scenius.CodeTest.Shared", "Scenius.CodeTest.Shared\Scenius.CodeTest.Shared.csproj", "{6C3C9D9A-2752-4865-AE9D-ED7D9F0F68C7}"
EndProject
Project("{FAE04EC0-301F-11D3-BF4B-00C04F79EFBC}") = "Scenius.CodeTest.Data", "Scenius.CodeTest.Data\Scenius.CodeTest.Data.csproj", "{C9E14070-2CD9-40F9-9255-7C43C1146236}"
EndProject
Global
	GlobalSection(SolutionConfigurationPlatforms) = preSolution
		Debug|Any CPU = Debug|Any CPU
		Release|Any CPU = Release|Any CPU
	EndGlobalSection
	GlobalSection(ProjectConfigurationPlatforms) = postSolution
		{8025CD34-3F8B-47B7-A95C-FD0FF927C539}.Debug|Any CPU.ActiveCfg = Debug|Any CPU
		{8025CD34-3F8B-47B7-A95C-FD0FF927C539}.Debug|Any CPU.Build.0 = Debug|Any CPU
		{8025CD34-3F8B-47B7-A95C-FD0FF927C539}.Release|Any CPU.ActiveCfg = Release|Any CPU
		{8025CD34-3F8B-47B7-A95C-FD0FF927C539}.Release|Any CPU.Build.0 = Release|Any CPU
		{7FDABEB7-5FD5-4C6B-9406-145FABFCC7E8}.Debug|Any CPU.ActiveCfg = Debug|Any CPU
		{7FDABEB7-5FD5-4C6B-9406-145FABFCC7E8}.Debug|Any CPU.Build.0 = Debug|Any CPU
		{7FDABEB7-5FD5-4C6B-9406-145FABFCC7E8}.Release|Any CPU.ActiveCfg = Release|Any CPU
		{7FDABEB7-5FD5-4C6B-9406-145FABFCC7E8}.Release|Any CPU.Build.0 = Release|Any CPU
		{6C3C9D9A-2752-4865-AE9D-ED7D9F0F68C7}.Debug|Any CPU.ActiveCfg = Debug|Any CPU
		{6C3C9D9A-2752-4865-AE9D-ED7D9F0F68C7}.Debug|Any CPU.Build.0 = Debug|Any CPU
		{6C3C9D9A-2752-4865-AE9D-ED7D9F0F68C7}.Release|Any CPU.ActiveCfg = Release|Any CPU
		{6C3C9D9A-2752-4865-AE9D-ED7D9F0F68C7}.Release|Any CPU.Build.0 = Release|Any CPU
		{C9E14070-2CD9-40F9-9255-7C43C1146236}.Debug|Any CPU.ActiveCfg = Debug|Any CPU
		{C9E14070-2CD9-40F9-9255-7C43C1146236}.Debug|Any CPU.Build.0 = Debug|Any CPU
		{C9E14070-2CD9-40F9-9255-7C43C1146236}.Release|Any CPU.ActiveCfg = Release|Any CPU
		{C9E14070-2CD9-40F9-9255-7C43C1146236}.Release|Any CPU.Build.0 = Release|Any CPU
	EndGlobalSection
	GlobalSection(SolutionProperties) = preSolution
		HideSolutionNode = FALSE
	EndGlobalSection
	GlobalSection(ExtensibilityGlobals) = postSolution
		SolutionGuid = {8BD0A865-E725-4B84-8097-4DAC7510C8C7}
	EndGlobalSection
EndGlobal
